// !$*UTF8*$!
{
	archiveVersion = 1;
	classes = {
	};
	objectVersion = 52;
	objects = {

/* Begin PBXBuildFile section */
		5B1191AE267B244A0024F007 /* MykurlyTableCell.swift in Sources */ = {isa = PBXBuildFile; fileRef = 5B1191AD267B244A0024F007 /* MykurlyTableCell.swift */; };
		5B1191B2267B25540024F007 /* MykurlyUpperTableCell.swift in Sources */ = {isa = PBXBuildFile; fileRef = 5B1191B1267B25540024F007 /* MykurlyUpperTableCell.swift */; };
		5B1191B8267B2D7F0024F007 /* LoginViewController.swift in Sources */ = {isa = PBXBuildFile; fileRef = 5B1191B7267B2D7F0024F007 /* LoginViewController.swift */; };
		5B1191BC267B2DA40024F007 /* SettingTopHeaderView.swift in Sources */ = {isa = PBXBuildFile; fileRef = 5B1191BB267B2DA40024F007 /* SettingTopHeaderView.swift */; };
		5B1191BF267B33910024F007 /* JoinViewController.swift in Sources */ = {isa = PBXBuildFile; fileRef = 5B1191BE267B33910024F007 /* JoinViewController.swift */; };
		5B1191C3267C3AFC0024F007 /* Alamofire in Frameworks */ = {isa = PBXBuildFile; productRef = 5B1191C2267C3AFC0024F007 /* Alamofire */; };
		5B1191C7267C3E090024F007 /* APIConstants.swift in Sources */ = {isa = PBXBuildFile; fileRef = 5B1191C6267C3E090024F007 /* APIConstants.swift */; };
		5B1191CB267C3F550024F007 /* NetworkResult.swift in Sources */ = {isa = PBXBuildFile; fileRef = 5B1191CA267C3F550024F007 /* NetworkResult.swift */; };
		5B1191CE267C3FA00024F007 /* LoginDataModel.swift in Sources */ = {isa = PBXBuildFile; fileRef = 5B1191CD267C3FA00024F007 /* LoginDataModel.swift */; };
		5B1191D3267C43720024F007 /* AuthService.swift in Sources */ = {isa = PBXBuildFile; fileRef = 5B1191D2267C43720024F007 /* AuthService.swift */; };
		5B1191DA267C7C690024F007 /* JoinTableCell.swift in Sources */ = {isa = PBXBuildFile; fileRef = 5B1191D9267C7C690024F007 /* JoinTableCell.swift */; };
		5B1191E3267DC3BD0024F007 /* JoinFirstTableView.swift in Sources */ = {isa = PBXBuildFile; fileRef = 5B1191E2267DC3BD0024F007 /* JoinFirstTableView.swift */; };
		5B1191E6267DC4C70024F007 /* JoinSecondTableView.swift in Sources */ = {isa = PBXBuildFile; fileRef = 5B1191E5267DC4C60024F007 /* JoinSecondTableView.swift */; };
		5B1191EB267DFA320024F007 /* UITextField + Extension.swift in Sources */ = {isa = PBXBuildFile; fileRef = 5B1191EA267DFA320024F007 /* UITextField + Extension.swift */; };
		B970D4673BEDF7E2C9307749 /* Pods_Marketkurly_Clone.framework in Frameworks */ = {isa = PBXBuildFile; fileRef = DEF8F62143649D7128777CEB /* Pods_Marketkurly_Clone.framework */; };
		BB4E2F4C2663858E00F46A87 /* TableFooterView.swift in Sources */ = {isa = PBXBuildFile; fileRef = BB4E2F4B2663858E00F46A87 /* TableFooterView.swift */; };
		BB4E2F532663A9C600F46A87 /* UIView + Extension.swift in Sources */ = {isa = PBXBuildFile; fileRef = BB4E2F522663A9C600F46A87 /* UIView + Extension.swift */; };
		BB4E2F572663C71B00F46A87 /* TabBarController.swift in Sources */ = {isa = PBXBuildFile; fileRef = BB4E2F562663C71B00F46A87 /* TabBarController.swift */; };
		BB4E2F6F26656A1500F46A87 /* UIColor + Extension.swift in Sources */ = {isa = PBXBuildFile; fileRef = BB4E2F6E26656A1500F46A87 /* UIColor + Extension.swift */; };
		BB7FC77F265EC30E0083B1C5 /* ProductCollectionCell.swift in Sources */ = {isa = PBXBuildFile; fileRef = BB7FC77E265EC30E0083B1C5 /* ProductCollectionCell.swift */; };
		BB7FC78426600BA10083B1C5 /* BannerCollectionCell.swift in Sources */ = {isa = PBXBuildFile; fileRef = BB7FC78326600BA10083B1C5 /* BannerCollectionCell.swift */; };
		BB7FC78726601AB10083B1C5 /* ProductTableCell.swift in Sources */ = {isa = PBXBuildFile; fileRef = BB7FC78626601AB10083B1C5 /* ProductTableCell.swift */; };
		BB7FC78C26601E0A0083B1C5 /* ProductDataModel.swift in Sources */ = {isa = PBXBuildFile; fileRef = BB7FC78B26601E0A0083B1C5 /* ProductDataModel.swift */; };
		BB7FC790266033160083B1C5 /* SaleTableCell.swift in Sources */ = {isa = PBXBuildFile; fileRef = BB7FC78F266033150083B1C5 /* SaleTableCell.swift */; };
		BB7FC7942660B5750083B1C5 /* DailySubTableCell.swift in Sources */ = {isa = PBXBuildFile; fileRef = BB7FC7932660B5750083B1C5 /* DailySubTableCell.swift */; };
		BB7FC7982660B72F0083B1C5 /* DailySaleTableCell.swift in Sources */ = {isa = PBXBuildFile; fileRef = BB7FC7972660B72F0083B1C5 /* DailySaleTableCell.swift */; };
		BB7FC79B2660B87A0083B1C5 /* SaleDataModel.swift in Sources */ = {isa = PBXBuildFile; fileRef = BB7FC79A2660B87A0083B1C5 /* SaleDataModel.swift */; };
		BB7FC7A52660C6300083B1C5 /* RegretPriceTableCell.swift in Sources */ = {isa = PBXBuildFile; fileRef = BB7FC7A42660C6300083B1C5 /* RegretPriceTableCell.swift */; };
		BBB4739826667F8E00076BB0 /* DuctTape in Frameworks */ = {isa = PBXBuildFile; productRef = BBB4739726667F8E00076BB0 /* DuctTape */; };
		BBB4739C26667FCC00076BB0 /* Then in Frameworks */ = {isa = PBXBuildFile; productRef = BBB4739B26667FCC00076BB0 /* Then */; };
		BBC2602A2654F1DB0012AFA0 /* AppDelegate.swift in Sources */ = {isa = PBXBuildFile; fileRef = BBC260292654F1DB0012AFA0 /* AppDelegate.swift */; };
		BBC2602C2654F1DB0012AFA0 /* SceneDelegate.swift in Sources */ = {isa = PBXBuildFile; fileRef = BBC2602B2654F1DB0012AFA0 /* SceneDelegate.swift */; };
		BBC2602E2654F1DB0012AFA0 /* ViewController.swift in Sources */ = {isa = PBXBuildFile; fileRef = BBC2602D2654F1DB0012AFA0 /* ViewController.swift */; };
		BBC260312654F1DB0012AFA0 /* Main.storyboard in Resources */ = {isa = PBXBuildFile; fileRef = BBC2602F2654F1DB0012AFA0 /* Main.storyboard */; };
		BBC260332654F1DF0012AFA0 /* Assets.xcassets in Resources */ = {isa = PBXBuildFile; fileRef = BBC260322654F1DF0012AFA0 /* Assets.xcassets */; };
		BBC260362654F1DF0012AFA0 /* LaunchScreen.storyboard in Resources */ = {isa = PBXBuildFile; fileRef = BBC260342654F1DF0012AFA0 /* LaunchScreen.storyboard */; };
		BBC260422654F6420012AFA0 /* BannerTableCell.swift in Sources */ = {isa = PBXBuildFile; fileRef = BBC260412654F6420012AFA0 /* BannerTableCell.swift */; };
		BBD7D0732668D03700A68264 /* CategoryViewController.swift in Sources */ = {isa = PBXBuildFile; fileRef = BBD7D0722668D03700A68264 /* CategoryViewController.swift */; };
		BBD7D0772668E04700A68264 /* TopHeaderView.swift in Sources */ = {isa = PBXBuildFile; fileRef = BBD7D0762668E04700A68264 /* TopHeaderView.swift */; };
		BBD7D07B2668E9E300A68264 /* CategoryTableCell.swift in Sources */ = {isa = PBXBuildFile; fileRef = BBD7D07A2668E9E300A68264 /* CategoryTableCell.swift */; };
		BBD7D07F2668EB3F00A68264 /* SearchViewController.swift in Sources */ = {isa = PBXBuildFile; fileRef = BBD7D07E2668EB3F00A68264 /* SearchViewController.swift */; };
		BBD7D0822668EB4B00A68264 /* MykurlyViewController.swift in Sources */ = {isa = PBXBuildFile; fileRef = BBD7D0812668EB4B00A68264 /* MykurlyViewController.swift */; };
		BBD7D0852668EB5900A68264 /* RecommandViewController.swift in Sources */ = {isa = PBXBuildFile; fileRef = BBD7D0842668EB5900A68264 /* RecommandViewController.swift */; };
		BBD7D08E266CD53D00A68264 /* CateUpperTableCell.swift in Sources */ = {isa = PBXBuildFile; fileRef = BBD7D08D266CD53D00A68264 /* CateUpperTableCell.swift */; };
/* End PBXBuildFile section */

/* Begin PBXFileReference section */
		4F96B5DA5AD52565E85763F1 /* Pods-Marketkurly_Clone.release.xcconfig */ = {isa = PBXFileReference; includeInIndex = 1; lastKnownFileType = text.xcconfig; name = "Pods-Marketkurly_Clone.release.xcconfig"; path = "Target Support Files/Pods-Marketkurly_Clone/Pods-Marketkurly_Clone.release.xcconfig"; sourceTree = "<group>"; };
		5B1191AD267B244A0024F007 /* MykurlyTableCell.swift */ = {isa = PBXFileReference; lastKnownFileType = sourcecode.swift; path = MykurlyTableCell.swift; sourceTree = "<group>"; };
		5B1191B1267B25540024F007 /* MykurlyUpperTableCell.swift */ = {isa = PBXFileReference; lastKnownFileType = sourcecode.swift; path = MykurlyUpperTableCell.swift; sourceTree = "<group>"; };
		5B1191B7267B2D7F0024F007 /* LoginViewController.swift */ = {isa = PBXFileReference; lastKnownFileType = sourcecode.swift; path = LoginViewController.swift; sourceTree = "<group>"; };
		5B1191BB267B2DA40024F007 /* SettingTopHeaderView.swift */ = {isa = PBXFileReference; lastKnownFileType = sourcecode.swift; path = SettingTopHeaderView.swift; sourceTree = "<group>"; };
		5B1191BE267B33910024F007 /* JoinViewController.swift */ = {isa = PBXFileReference; lastKnownFileType = sourcecode.swift; path = JoinViewController.swift; sourceTree = "<group>"; };
		5B1191C6267C3E090024F007 /* APIConstants.swift */ = {isa = PBXFileReference; lastKnownFileType = sourcecode.swift; path = APIConstants.swift; sourceTree = "<group>"; };
		5B1191CA267C3F550024F007 /* NetworkResult.swift */ = {isa = PBXFileReference; lastKnownFileType = sourcecode.swift; path = NetworkResult.swift; sourceTree = "<group>"; };
		5B1191CD267C3FA00024F007 /* LoginDataModel.swift */ = {isa = PBXFileReference; lastKnownFileType = sourcecode.swift; path = LoginDataModel.swift; sourceTree = "<group>"; };
		5B1191D2267C43720024F007 /* AuthService.swift */ = {isa = PBXFileReference; lastKnownFileType = sourcecode.swift; path = AuthService.swift; sourceTree = "<group>"; };
		5B1191D9267C7C690024F007 /* JoinTableCell.swift */ = {isa = PBXFileReference; lastKnownFileType = sourcecode.swift; name = JoinTableCell.swift; path = Marketkurly_Clone/Source/VC/EnterVC/JoinTableCell.swift; sourceTree = SOURCE_ROOT; };
		5B1191E2267DC3BD0024F007 /* JoinFirstTableView.swift */ = {isa = PBXFileReference; lastKnownFileType = sourcecode.swift; path = JoinFirstTableView.swift; sourceTree = "<group>"; };
		5B1191E5267DC4C60024F007 /* JoinSecondTableView.swift */ = {isa = PBXFileReference; lastKnownFileType = sourcecode.swift; path = JoinSecondTableView.swift; sourceTree = "<group>"; };
		5B1191EA267DFA320024F007 /* UITextField + Extension.swift */ = {isa = PBXFileReference; lastKnownFileType = sourcecode.swift; path = "UITextField + Extension.swift"; sourceTree = "<group>"; };
		5BDE7D3C30BEFEC9B08D923D /* Pods-Marketkurly_Clone.debug.xcconfig */ = {isa = PBXFileReference; includeInIndex = 1; lastKnownFileType = text.xcconfig; name = "Pods-Marketkurly_Clone.debug.xcconfig"; path = "Target Support Files/Pods-Marketkurly_Clone/Pods-Marketkurly_Clone.debug.xcconfig"; sourceTree = "<group>"; };
		BB4E2F4B2663858E00F46A87 /* TableFooterView.swift */ = {isa = PBXFileReference; lastKnownFileType = sourcecode.swift; path = TableFooterView.swift; sourceTree = "<group>"; };
		BB4E2F522663A9C600F46A87 /* UIView + Extension.swift */ = {isa = PBXFileReference; lastKnownFileType = sourcecode.swift; path = "UIView + Extension.swift"; sourceTree = "<group>"; };
		BB4E2F562663C71B00F46A87 /* TabBarController.swift */ = {isa = PBXFileReference; lastKnownFileType = sourcecode.swift; path = TabBarController.swift; sourceTree = "<group>"; };
		BB4E2F6E26656A1500F46A87 /* UIColor + Extension.swift */ = {isa = PBXFileReference; lastKnownFileType = sourcecode.swift; path = "UIColor + Extension.swift"; sourceTree = "<group>"; };
		BB7FC77E265EC30E0083B1C5 /* ProductCollectionCell.swift */ = {isa = PBXFileReference; lastKnownFileType = sourcecode.swift; path = ProductCollectionCell.swift; sourceTree = "<group>"; };
		BB7FC78326600BA10083B1C5 /* BannerCollectionCell.swift */ = {isa = PBXFileReference; lastKnownFileType = sourcecode.swift; path = BannerCollectionCell.swift; sourceTree = "<group>"; };
		BB7FC78626601AB10083B1C5 /* ProductTableCell.swift */ = {isa = PBXFileReference; lastKnownFileType = sourcecode.swift; path = ProductTableCell.swift; sourceTree = "<group>"; };
		BB7FC78B26601E0A0083B1C5 /* ProductDataModel.swift */ = {isa = PBXFileReference; lastKnownFileType = sourcecode.swift; path = ProductDataModel.swift; sourceTree = "<group>"; };
		BB7FC78F266033150083B1C5 /* SaleTableCell.swift */ = {isa = PBXFileReference; lastKnownFileType = sourcecode.swift; path = SaleTableCell.swift; sourceTree = "<group>"; };
		BB7FC7932660B5750083B1C5 /* DailySubTableCell.swift */ = {isa = PBXFileReference; lastKnownFileType = sourcecode.swift; path = DailySubTableCell.swift; sourceTree = "<group>"; };
		BB7FC7972660B72F0083B1C5 /* DailySaleTableCell.swift */ = {isa = PBXFileReference; lastKnownFileType = sourcecode.swift; path = DailySaleTableCell.swift; sourceTree = "<group>"; };
		BB7FC79A2660B87A0083B1C5 /* SaleDataModel.swift */ = {isa = PBXFileReference; lastKnownFileType = sourcecode.swift; path = SaleDataModel.swift; sourceTree = "<group>"; };
		BB7FC7A42660C6300083B1C5 /* RegretPriceTableCell.swift */ = {isa = PBXFileReference; lastKnownFileType = sourcecode.swift; path = RegretPriceTableCell.swift; sourceTree = "<group>"; };
		BBC260262654F1DB0012AFA0 /* Marketkurly_Clone.app */ = {isa = PBXFileReference; explicitFileType = wrapper.application; includeInIndex = 0; path = Marketkurly_Clone.app; sourceTree = BUILT_PRODUCTS_DIR; };
		BBC260292654F1DB0012AFA0 /* AppDelegate.swift */ = {isa = PBXFileReference; lastKnownFileType = sourcecode.swift; path = AppDelegate.swift; sourceTree = "<group>"; };
		BBC2602B2654F1DB0012AFA0 /* SceneDelegate.swift */ = {isa = PBXFileReference; lastKnownFileType = sourcecode.swift; path = SceneDelegate.swift; sourceTree = "<group>"; };
		BBC2602D2654F1DB0012AFA0 /* ViewController.swift */ = {isa = PBXFileReference; lastKnownFileType = sourcecode.swift; path = ViewController.swift; sourceTree = "<group>"; };
		BBC260302654F1DB0012AFA0 /* Base */ = {isa = PBXFileReference; lastKnownFileType = file.storyboard; name = Base; path = Base.lproj/Main.storyboard; sourceTree = "<group>"; };
		BBC260322654F1DF0012AFA0 /* Assets.xcassets */ = {isa = PBXFileReference; lastKnownFileType = folder.assetcatalog; path = Assets.xcassets; sourceTree = "<group>"; };
		BBC260352654F1DF0012AFA0 /* Base */ = {isa = PBXFileReference; lastKnownFileType = file.storyboard; name = Base; path = Base.lproj/LaunchScreen.storyboard; sourceTree = "<group>"; };
		BBC260372654F1DF0012AFA0 /* Info.plist */ = {isa = PBXFileReference; lastKnownFileType = text.plist.xml; path = Info.plist; sourceTree = "<group>"; };
		BBC260412654F6420012AFA0 /* BannerTableCell.swift */ = {isa = PBXFileReference; lastKnownFileType = sourcecode.swift; path = BannerTableCell.swift; sourceTree = "<group>"; };
		BBD7D0722668D03700A68264 /* CategoryViewController.swift */ = {isa = PBXFileReference; lastKnownFileType = sourcecode.swift; path = CategoryViewController.swift; sourceTree = "<group>"; };
		BBD7D0762668E04700A68264 /* TopHeaderView.swift */ = {isa = PBXFileReference; lastKnownFileType = sourcecode.swift; path = TopHeaderView.swift; sourceTree = "<group>"; };
		BBD7D07A2668E9E300A68264 /* CategoryTableCell.swift */ = {isa = PBXFileReference; lastKnownFileType = sourcecode.swift; path = CategoryTableCell.swift; sourceTree = "<group>"; };
		BBD7D07E2668EB3F00A68264 /* SearchViewController.swift */ = {isa = PBXFileReference; lastKnownFileType = sourcecode.swift; path = SearchViewController.swift; sourceTree = "<group>"; };
		BBD7D0812668EB4B00A68264 /* MykurlyViewController.swift */ = {isa = PBXFileReference; lastKnownFileType = sourcecode.swift; path = MykurlyViewController.swift; sourceTree = "<group>"; };
		BBD7D0842668EB5900A68264 /* RecommandViewController.swift */ = {isa = PBXFileReference; lastKnownFileType = sourcecode.swift; path = RecommandViewController.swift; sourceTree = "<group>"; };
		BBD7D08D266CD53D00A68264 /* CateUpperTableCell.swift */ = {isa = PBXFileReference; lastKnownFileType = sourcecode.swift; path = CateUpperTableCell.swift; sourceTree = "<group>"; };
		DEF8F62143649D7128777CEB /* Pods_Marketkurly_Clone.framework */ = {isa = PBXFileReference; explicitFileType = wrapper.framework; includeInIndex = 0; path = Pods_Marketkurly_Clone.framework; sourceTree = BUILT_PRODUCTS_DIR; };
/* End PBXFileReference section */

/* Begin PBXFrameworksBuildPhase section */
		BBC260232654F1DB0012AFA0 /* Frameworks */ = {
			isa = PBXFrameworksBuildPhase;
			buildActionMask = 2147483647;
			files = (
				BBB4739826667F8E00076BB0 /* DuctTape in Frameworks */,
				5B1191C3267C3AFC0024F007 /* Alamofire in Frameworks */,
				BBB4739C26667FCC00076BB0 /* Then in Frameworks */,
				B970D4673BEDF7E2C9307749 /* Pods_Marketkurly_Clone.framework in Frameworks */,
			);
			runOnlyForDeploymentPostprocessing = 0;
		};
/* End PBXFrameworksBuildPhase section */

/* Begin PBXGroup section */
		5B1191B6267B2D410024F007 /* EnterVC */ = {
			isa = PBXGroup;
			children = (
				5B1191B7267B2D7F0024F007 /* LoginViewController.swift */,
				5B1191BE267B33910024F007 /* JoinViewController.swift */,
			);
			path = EnterVC;
			sourceTree = "<group>";
		};
		5B1191C5267C3D9E0024F007 /* Network */ = {
			isa = PBXGroup;
			children = (
				5B1191CA267C3F550024F007 /* NetworkResult.swift */,
				5B1191C6267C3E090024F007 /* APIConstants.swift */,
				5B1191CD267C3FA00024F007 /* LoginDataModel.swift */,
				5B1191D2267C43720024F007 /* AuthService.swift */,
			);
			path = Network;
			sourceTree = "<group>";
		};
		BB293ECB26637071009A9298 /* Resource */ = {
			isa = PBXGroup;
			children = (
				BB293ECD266370D5009A9298 /* Storyboard */,
				BB4E2F512663A99400F46A87 /* Extension */,
				BBC260322654F1DF0012AFA0 /* Assets.xcassets */,
			);
			path = Resource;
			sourceTree = "<group>";
		};
		BB293ECC266370C4009A9298 /* Source */ = {
			isa = PBXGroup;
			children = (
				5B1191C5267C3D9E0024F007 /* Network */,
				BB7FC78A26601DF80083B1C5 /* Model */,
				BB4E2F4F266385A400F46A87 /* View */,
				BBC260442654F64F0012AFA0 /* VC */,
				BBC260452654F6540012AFA0 /* Cell */,
			);
			path = Source;
			sourceTree = "<group>";
		};
		BB293ECD266370D5009A9298 /* Storyboard */ = {
			isa = PBXGroup;
			children = (
				BBC260342654F1DF0012AFA0 /* LaunchScreen.storyboard */,
				BBC2602F2654F1DB0012AFA0 /* Main.storyboard */,
			);
			path = Storyboard;
			sourceTree = "<group>";
		};
		BB4E2F4F266385A400F46A87 /* View */ = {
			isa = PBXGroup;
			children = (
				BBD7D0762668E04700A68264 /* TopHeaderView.swift */,
				5B1191BB267B2DA40024F007 /* SettingTopHeaderView.swift */,
				BB4E2F4B2663858E00F46A87 /* TableFooterView.swift */,
				5B1191E2267DC3BD0024F007 /* JoinFirstTableView.swift */,
				5B1191E5267DC4C60024F007 /* JoinSecondTableView.swift */,
			);
			path = View;
			sourceTree = "<group>";
		};
		BB4E2F512663A99400F46A87 /* Extension */ = {
			isa = PBXGroup;
			children = (
				BB4E2F522663A9C600F46A87 /* UIView + Extension.swift */,
				BB4E2F6E26656A1500F46A87 /* UIColor + Extension.swift */,
				5B1191EA267DFA320024F007 /* UITextField + Extension.swift */,
			);
			path = Extension;
			sourceTree = "<group>";
		};
		BB7FC78A26601DF80083B1C5 /* Model */ = {
			isa = PBXGroup;
			children = (
				BB7FC78B26601E0A0083B1C5 /* ProductDataModel.swift */,
				BB7FC79A2660B87A0083B1C5 /* SaleDataModel.swift */,
			);
			path = Model;
			sourceTree = "<group>";
		};
		BB7FC7A02660C5AF0083B1C5 /* FirstSection */ = {
			isa = PBXGroup;
			children = (
				BBC260412654F6420012AFA0 /* BannerTableCell.swift */,
				BB7FC78326600BA10083B1C5 /* BannerCollectionCell.swift */,
				BB7FC78626601AB10083B1C5 /* ProductTableCell.swift */,
				BB7FC77E265EC30E0083B1C5 /* ProductCollectionCell.swift */,
				BB7FC78F266033150083B1C5 /* SaleTableCell.swift */,
				BB7FC7932660B5750083B1C5 /* DailySubTableCell.swift */,
				BB7FC7972660B72F0083B1C5 /* DailySaleTableCell.swift */,
			);
			path = FirstSection;
			sourceTree = "<group>";
		};
		BB7FC7A32660C5BD0083B1C5 /* SecondSection */ = {
			isa = PBXGroup;
			children = (
				BB7FC7A42660C6300083B1C5 /* RegretPriceTableCell.swift */,
			);
			path = SecondSection;
			sourceTree = "<group>";
		};
		BBC2601D2654F1DB0012AFA0 = {
			isa = PBXGroup;
			children = (
				BBC260282654F1DB0012AFA0 /* Marketkurly_Clone */,
				BBC260272654F1DB0012AFA0 /* Products */,
				E048B5EE20DA2FA8BD675C64 /* Pods */,
				E030730A1B1238A6403BB253 /* Frameworks */,
			);
			sourceTree = "<group>";
		};
		BBC260272654F1DB0012AFA0 /* Products */ = {
			isa = PBXGroup;
			children = (
				BBC260262654F1DB0012AFA0 /* Marketkurly_Clone.app */,
			);
			name = Products;
			sourceTree = "<group>";
		};
		BBC260282654F1DB0012AFA0 /* Marketkurly_Clone */ = {
			isa = PBXGroup;
			children = (
				BBC260292654F1DB0012AFA0 /* AppDelegate.swift */,
				BBC2602B2654F1DB0012AFA0 /* SceneDelegate.swift */,
				BB293ECC266370C4009A9298 /* Source */,
				BB293ECB26637071009A9298 /* Resource */,
				BBC260372654F1DF0012AFA0 /* Info.plist */,
			);
			path = Marketkurly_Clone;
			sourceTree = "<group>";
		};
		BBC260442654F64F0012AFA0 /* VC */ = {
			isa = PBXGroup;
			children = (
				BB4E2F562663C71B00F46A87 /* TabBarController.swift */,
				BBC2602D2654F1DB0012AFA0 /* ViewController.swift */,
				BBD7D0842668EB5900A68264 /* RecommandViewController.swift */,
				BBD7D0722668D03700A68264 /* CategoryViewController.swift */,
				BBD7D07E2668EB3F00A68264 /* SearchViewController.swift */,
				BBD7D0812668EB4B00A68264 /* MykurlyViewController.swift */,
				5B1191B6267B2D410024F007 /* EnterVC */,
			);
			path = VC;
			sourceTree = "<group>";
		};
		BBC260452654F6540012AFA0 /* Cell */ = {
			isa = PBXGroup;
			children = (
				BBD7D08D266CD53D00A68264 /* CateUpperTableCell.swift */,
				BBD7D07A2668E9E300A68264 /* CategoryTableCell.swift */,
				5B1191B1267B25540024F007 /* MykurlyUpperTableCell.swift */,
				5B1191AD267B244A0024F007 /* MykurlyTableCell.swift */,
				5B1191D9267C7C690024F007 /* JoinTableCell.swift */,
				BB7FC7A02660C5AF0083B1C5 /* FirstSection */,
				BB7FC7A32660C5BD0083B1C5 /* SecondSection */,
			);
			path = Cell;
			sourceTree = "<group>";
		};
		E030730A1B1238A6403BB253 /* Frameworks */ = {
			isa = PBXGroup;
			children = (
				DEF8F62143649D7128777CEB /* Pods_Marketkurly_Clone.framework */,
			);
			name = Frameworks;
			sourceTree = "<group>";
		};
		E048B5EE20DA2FA8BD675C64 /* Pods */ = {
			isa = PBXGroup;
			children = (
				5BDE7D3C30BEFEC9B08D923D /* Pods-Marketkurly_Clone.debug.xcconfig */,
				4F96B5DA5AD52565E85763F1 /* Pods-Marketkurly_Clone.release.xcconfig */,
			);
			path = Pods;
			sourceTree = "<group>";
		};
/* End PBXGroup section */

/* Begin PBXNativeTarget section */
		BBC260252654F1DB0012AFA0 /* Marketkurly_Clone */ = {
			isa = PBXNativeTarget;
			buildConfigurationList = BBC2603A2654F1DF0012AFA0 /* Build configuration list for PBXNativeTarget "Marketkurly_Clone" */;
			buildPhases = (
				9EB83CA34A23BDB1D0E2D616 /* [CP] Check Pods Manifest.lock */,
				BBC260222654F1DB0012AFA0 /* Sources */,
				BBC260232654F1DB0012AFA0 /* Frameworks */,
				BBC260242654F1DB0012AFA0 /* Resources */,
				3CB7D6F6AD12A6DF2A0376ED /* [CP] Embed Pods Frameworks */,
			);
			buildRules = (
			);
			dependencies = (
			);
			name = Marketkurly_Clone;
			packageProductDependencies = (
				BBB4739726667F8E00076BB0 /* DuctTape */,
				BBB4739B26667FCC00076BB0 /* Then */,
				5B1191C2267C3AFC0024F007 /* Alamofire */,
			);
			productName = Marketkurly_Clone;
			productReference = BBC260262654F1DB0012AFA0 /* Marketkurly_Clone.app */;
			productType = "com.apple.product-type.application";
		};
/* End PBXNativeTarget section */

/* Begin PBXProject section */
		BBC2601E2654F1DB0012AFA0 /* Project object */ = {
			isa = PBXProject;
			attributes = {
				LastSwiftUpdateCheck = 1200;
				LastUpgradeCheck = 1200;
				TargetAttributes = {
					BBC260252654F1DB0012AFA0 = {
						CreatedOnToolsVersion = 12.0.1;
					};
				};
			};
			buildConfigurationList = BBC260212654F1DB0012AFA0 /* Build configuration list for PBXProject "Marketkurly_Clone" */;
			compatibilityVersion = "Xcode 9.3";
			developmentRegion = en;
			hasScannedForEncodings = 0;
			knownRegions = (
				en,
				Base,
			);
			mainGroup = BBC2601D2654F1DB0012AFA0;
			packageReferences = (
				BBB4739626667F8E00076BB0 /* XCRemoteSwiftPackageReference "DuctTape" */,
				BBB4739A26667FCC00076BB0 /* XCRemoteSwiftPackageReference "Then" */,
				5B1191C1267C3AFC0024F007 /* XCRemoteSwiftPackageReference "Alamofire" */,
			);
			productRefGroup = BBC260272654F1DB0012AFA0 /* Products */;
			projectDirPath = "";
			projectRoot = "";
			targets = (
				BBC260252654F1DB0012AFA0 /* Marketkurly_Clone */,
			);
		};
/* End PBXProject section */

/* Begin PBXResourcesBuildPhase section */
		BBC260242654F1DB0012AFA0 /* Resources */ = {
			isa = PBXResourcesBuildPhase;
			buildActionMask = 2147483647;
			files = (
				BBC260362654F1DF0012AFA0 /* LaunchScreen.storyboard in Resources */,
				BBC260332654F1DF0012AFA0 /* Assets.xcassets in Resources */,
				BBC260312654F1DB0012AFA0 /* Main.storyboard in Resources */,
			);
			runOnlyForDeploymentPostprocessing = 0;
		};
/* End PBXResourcesBuildPhase section */

/* Begin PBXShellScriptBuildPhase section */
		3CB7D6F6AD12A6DF2A0376ED /* [CP] Embed Pods Frameworks */ = {
			isa = PBXShellScriptBuildPhase;
			buildActionMask = 2147483647;
			files = (
			);
			inputFileListPaths = (
				"${PODS_ROOT}/Target Support Files/Pods-Marketkurly_Clone/Pods-Marketkurly_Clone-frameworks-${CONFIGURATION}-input-files.xcfilelist",
			);
			name = "[CP] Embed Pods Frameworks";
			outputFileListPaths = (
				"${PODS_ROOT}/Target Support Files/Pods-Marketkurly_Clone/Pods-Marketkurly_Clone-frameworks-${CONFIGURATION}-output-files.xcfilelist",
			);
			runOnlyForDeploymentPostprocessing = 0;
			shellPath = /bin/sh;
			shellScript = "\"${PODS_ROOT}/Target Support Files/Pods-Marketkurly_Clone/Pods-Marketkurly_Clone-frameworks.sh\"\n";
			showEnvVarsInLog = 0;
		};
		9EB83CA34A23BDB1D0E2D616 /* [CP] Check Pods Manifest.lock */ = {
			isa = PBXShellScriptBuildPhase;
			buildActionMask = 2147483647;
			files = (
			);
			inputFileListPaths = (
			);
			inputPaths = (
				"${PODS_PODFILE_DIR_PATH}/Podfile.lock",
				"${PODS_ROOT}/Manifest.lock",
			);
			name = "[CP] Check Pods Manifest.lock";
			outputFileListPaths = (
			);
			outputPaths = (
				"$(DERIVED_FILE_DIR)/Pods-Marketkurly_Clone-checkManifestLockResult.txt",
			);
			runOnlyForDeploymentPostprocessing = 0;
			shellPath = /bin/sh;
			shellScript = "diff \"${PODS_PODFILE_DIR_PATH}/Podfile.lock\" \"${PODS_ROOT}/Manifest.lock\" > /dev/null\nif [ $? != 0 ] ; then\n    # print error to STDERR\n    echo \"error: The sandbox is not in sync with the Podfile.lock. Run 'pod install' or update your CocoaPods installation.\" >&2\n    exit 1\nfi\n# This output is used by Xcode 'outputs' to avoid re-running this script phase.\necho \"SUCCESS\" > \"${SCRIPT_OUTPUT_FILE_0}\"\n";
			showEnvVarsInLog = 0;
		};
/* End PBXShellScriptBuildPhase section */

/* Begin PBXSourcesBuildPhase section */
		BBC260222654F1DB0012AFA0 /* Sources */ = {
			isa = PBXSourcesBuildPhase;
			buildActionMask = 2147483647;
			files = (
				5B1191B8267B2D7F0024F007 /* LoginViewController.swift in Sources */,
				BBD7D0822668EB4B00A68264 /* MykurlyViewController.swift in Sources */,
				BB4E2F532663A9C600F46A87 /* UIView + Extension.swift in Sources */,
				BB4E2F6F26656A1500F46A87 /* UIColor + Extension.swift in Sources */,
				BB4E2F572663C71B00F46A87 /* TabBarController.swift in Sources */,
				5B1191AE267B244A0024F007 /* MykurlyTableCell.swift in Sources */,
				BBC2602E2654F1DB0012AFA0 /* ViewController.swift in Sources */,
				BBD7D07B2668E9E300A68264 /* CategoryTableCell.swift in Sources */,
				BB7FC7982660B72F0083B1C5 /* DailySaleTableCell.swift in Sources */,
				BB7FC7A52660C6300083B1C5 /* RegretPriceTableCell.swift in Sources */,
				BB7FC79B2660B87A0083B1C5 /* SaleDataModel.swift in Sources */,
				BB7FC78726601AB10083B1C5 /* ProductTableCell.swift in Sources */,
				BBD7D0852668EB5900A68264 /* RecommandViewController.swift in Sources */,
				5B1191E3267DC3BD0024F007 /* JoinFirstTableView.swift in Sources */,
				BBC2602A2654F1DB0012AFA0 /* AppDelegate.swift in Sources */,
				BBD7D08E266CD53D00A68264 /* CateUpperTableCell.swift in Sources */,
				BBC2602C2654F1DB0012AFA0 /* SceneDelegate.swift in Sources */,
				BB7FC77F265EC30E0083B1C5 /* ProductCollectionCell.swift in Sources */,
				BB4E2F4C2663858E00F46A87 /* TableFooterView.swift in Sources */,
				BB7FC790266033160083B1C5 /* SaleTableCell.swift in Sources */,
				5B1191CE267C3FA00024F007 /* LoginDataModel.swift in Sources */,
				5B1191EB267DFA320024F007 /* UITextField + Extension.swift in Sources */,
				5B1191BF267B33910024F007 /* JoinViewController.swift in Sources */,
				BB7FC78C26601E0A0083B1C5 /* ProductDataModel.swift in Sources */,
				BBD7D07F2668EB3F00A68264 /* SearchViewController.swift in Sources */,
				5B1191E6267DC4C70024F007 /* JoinSecondTableView.swift in Sources */,
				BBC260422654F6420012AFA0 /* BannerTableCell.swift in Sources */,
				5B1191BC267B2DA40024F007 /* SettingTopHeaderView.swift in Sources */,
				5B1191CB267C3F550024F007 /* NetworkResult.swift in Sources */,
				BB7FC78426600BA10083B1C5 /* BannerCollectionCell.swift in Sources */,
				5B1191D3267C43720024F007 /* AuthService.swift in Sources */,
				BBD7D0772668E04700A68264 /* TopHeaderView.swift in Sources */,
				5B1191DA267C7C690024F007 /* JoinTableCell.swift in Sources */,
				5B1191C7267C3E090024F007 /* APIConstants.swift in Sources */,
				5B1191B2267B25540024F007 /* MykurlyUpperTableCell.swift in Sources */,
				BBD7D0732668D03700A68264 /* CategoryViewController.swift in Sources */,
				BB7FC7942660B5750083B1C5 /* DailySubTableCell.swift in Sources */,
			);
			runOnlyForDeploymentPostprocessing = 0;
		};
/* End PBXSourcesBuildPhase section */

/* Begin PBXVariantGroup section */
		BBC2602F2654F1DB0012AFA0 /* Main.storyboard */ = {
			isa = PBXVariantGroup;
			children = (
				BBC260302654F1DB0012AFA0 /* Base */,
			);
			name = Main.storyboard;
			sourceTree = "<group>";
		};
		BBC260342654F1DF0012AFA0 /* LaunchScreen.storyboard */ = {
			isa = PBXVariantGroup;
			children = (
				BBC260352654F1DF0012AFA0 /* Base */,
			);
			name = LaunchScreen.storyboard;
			sourceTree = "<group>";
		};
/* End PBXVariantGroup section */

/* Begin XCBuildConfiguration section */
		BBC260382654F1DF0012AFA0 /* Debug */ = {
			isa = XCBuildConfiguration;
			buildSettings = {
				ALWAYS_SEARCH_USER_PATHS = NO;
				CLANG_ANALYZER_NONNULL = YES;
				CLANG_ANALYZER_NUMBER_OBJECT_CONVERSION = YES_AGGRESSIVE;
				CLANG_CXX_LANGUAGE_STANDARD = "gnu++14";
				CLANG_CXX_LIBRARY = "libc++";
				CLANG_ENABLE_MODULES = YES;
				CLANG_ENABLE_OBJC_ARC = YES;
				CLANG_ENABLE_OBJC_WEAK = YES;
				CLANG_WARN_BLOCK_CAPTURE_AUTORELEASING = YES;
				CLANG_WARN_BOOL_CONVERSION = YES;
				CLANG_WARN_COMMA = YES;
				CLANG_WARN_CONSTANT_CONVERSION = YES;
				CLANG_WARN_DEPRECATED_OBJC_IMPLEMENTATIONS = YES;
				CLANG_WARN_DIRECT_OBJC_ISA_USAGE = YES_ERROR;
				CLANG_WARN_DOCUMENTATION_COMMENTS = YES;
				CLANG_WARN_EMPTY_BODY = YES;
				CLANG_WARN_ENUM_CONVERSION = YES;
				CLANG_WARN_INFINITE_RECURSION = YES;
				CLANG_WARN_INT_CONVERSION = YES;
				CLANG_WARN_NON_LITERAL_NULL_CONVERSION = YES;
				CLANG_WARN_OBJC_IMPLICIT_RETAIN_SELF = YES;
				CLANG_WARN_OBJC_LITERAL_CONVERSION = YES;
				CLANG_WARN_OBJC_ROOT_CLASS = YES_ERROR;
				CLANG_WARN_QUOTED_INCLUDE_IN_FRAMEWORK_HEADER = YES;
				CLANG_WARN_RANGE_LOOP_ANALYSIS = YES;
				CLANG_WARN_STRICT_PROTOTYPES = YES;
				CLANG_WARN_SUSPICIOUS_MOVE = YES;
				CLANG_WARN_UNGUARDED_AVAILABILITY = YES_AGGRESSIVE;
				CLANG_WARN_UNREACHABLE_CODE = YES;
				CLANG_WARN__DUPLICATE_METHOD_MATCH = YES;
				COPY_PHASE_STRIP = NO;
				DEBUG_INFORMATION_FORMAT = dwarf;
				ENABLE_STRICT_OBJC_MSGSEND = YES;
				ENABLE_TESTABILITY = YES;
				GCC_C_LANGUAGE_STANDARD = gnu11;
				GCC_DYNAMIC_NO_PIC = NO;
				GCC_NO_COMMON_BLOCKS = YES;
				GCC_OPTIMIZATION_LEVEL = 0;
				GCC_PREPROCESSOR_DEFINITIONS = (
					"DEBUG=1",
					"$(inherited)",
				);
				GCC_WARN_64_TO_32_BIT_CONVERSION = YES;
				GCC_WARN_ABOUT_RETURN_TYPE = YES_ERROR;
				GCC_WARN_UNDECLARED_SELECTOR = YES;
				GCC_WARN_UNINITIALIZED_AUTOS = YES_AGGRESSIVE;
				GCC_WARN_UNUSED_FUNCTION = YES;
				GCC_WARN_UNUSED_VARIABLE = YES;
				IPHONEOS_DEPLOYMENT_TARGET = 14.0;
				MTL_ENABLE_DEBUG_INFO = INCLUDE_SOURCE;
				MTL_FAST_MATH = YES;
				ONLY_ACTIVE_ARCH = YES;
				SDKROOT = iphoneos;
				SWIFT_ACTIVE_COMPILATION_CONDITIONS = DEBUG;
				SWIFT_OPTIMIZATION_LEVEL = "-Onone";
			};
			name = Debug;
		};
		BBC260392654F1DF0012AFA0 /* Release */ = {
			isa = XCBuildConfiguration;
			buildSettings = {
				ALWAYS_SEARCH_USER_PATHS = NO;
				CLANG_ANALYZER_NONNULL = YES;
				CLANG_ANALYZER_NUMBER_OBJECT_CONVERSION = YES_AGGRESSIVE;
				CLANG_CXX_LANGUAGE_STANDARD = "gnu++14";
				CLANG_CXX_LIBRARY = "libc++";
				CLANG_ENABLE_MODULES = YES;
				CLANG_ENABLE_OBJC_ARC = YES;
				CLANG_ENABLE_OBJC_WEAK = YES;
				CLANG_WARN_BLOCK_CAPTURE_AUTORELEASING = YES;
				CLANG_WARN_BOOL_CONVERSION = YES;
				CLANG_WARN_COMMA = YES;
				CLANG_WARN_CONSTANT_CONVERSION = YES;
				CLANG_WARN_DEPRECATED_OBJC_IMPLEMENTATIONS = YES;
				CLANG_WARN_DIRECT_OBJC_ISA_USAGE = YES_ERROR;
				CLANG_WARN_DOCUMENTATION_COMMENTS = YES;
				CLANG_WARN_EMPTY_BODY = YES;
				CLANG_WARN_ENUM_CONVERSION = YES;
				CLANG_WARN_INFINITE_RECURSION = YES;
				CLANG_WARN_INT_CONVERSION = YES;
				CLANG_WARN_NON_LITERAL_NULL_CONVERSION = YES;
				CLANG_WARN_OBJC_IMPLICIT_RETAIN_SELF = YES;
				CLANG_WARN_OBJC_LITERAL_CONVERSION = YES;
				CLANG_WARN_OBJC_ROOT_CLASS = YES_ERROR;
				CLANG_WARN_QUOTED_INCLUDE_IN_FRAMEWORK_HEADER = YES;
				CLANG_WARN_RANGE_LOOP_ANALYSIS = YES;
				CLANG_WARN_STRICT_PROTOTYPES = YES;
				CLANG_WARN_SUSPICIOUS_MOVE = YES;
				CLANG_WARN_UNGUARDED_AVAILABILITY = YES_AGGRESSIVE;
				CLANG_WARN_UNREACHABLE_CODE = YES;
				CLANG_WARN__DUPLICATE_METHOD_MATCH = YES;
				COPY_PHASE_STRIP = NO;
				DEBUG_INFORMATION_FORMAT = "dwarf-with-dsym";
				ENABLE_NS_ASSERTIONS = NO;
				ENABLE_STRICT_OBJC_MSGSEND = YES;
				GCC_C_LANGUAGE_STANDARD = gnu11;
				GCC_NO_COMMON_BLOCKS = YES;
				GCC_WARN_64_TO_32_BIT_CONVERSION = YES;
				GCC_WARN_ABOUT_RETURN_TYPE = YES_ERROR;
				GCC_WARN_UNDECLARED_SELECTOR = YES;
				GCC_WARN_UNINITIALIZED_AUTOS = YES_AGGRESSIVE;
				GCC_WARN_UNUSED_FUNCTION = YES;
				GCC_WARN_UNUSED_VARIABLE = YES;
				IPHONEOS_DEPLOYMENT_TARGET = 14.0;
				MTL_ENABLE_DEBUG_INFO = NO;
				MTL_FAST_MATH = YES;
				SDKROOT = iphoneos;
				SWIFT_COMPILATION_MODE = wholemodule;
				SWIFT_OPTIMIZATION_LEVEL = "-O";
				VALIDATE_PRODUCT = YES;
			};
			name = Release;
		};
		BBC2603B2654F1DF0012AFA0 /* Debug */ = {
			isa = XCBuildConfiguration;
			baseConfigurationReference = 5BDE7D3C30BEFEC9B08D923D /* Pods-Marketkurly_Clone.debug.xcconfig */;
			buildSettings = {
				ASSETCATALOG_COMPILER_APPICON_NAME = AppIcon;
				ASSETCATALOG_COMPILER_GLOBAL_ACCENT_COLOR_NAME = AccentColor;
				CODE_SIGN_STYLE = Automatic;
				DEVELOPMENT_TEAM = 5GQ6QL9S3X;
				INFOPLIST_FILE = Marketkurly_Clone/Info.plist;
				LD_RUNPATH_SEARCH_PATHS = (
					"$(inherited)",
					"@executable_path/Frameworks",
				);
				PRODUCT_BUNDLE_IDENTIFIER = "com.ruheekim.Marketkurly-Clone";
				PRODUCT_NAME = "$(TARGET_NAME)";
				SWIFT_VERSION = 5.0;
				TARGETED_DEVICE_FAMILY = "1,2";
			};
			name = Debug;
		};
		BBC2603C2654F1DF0012AFA0 /* Release */ = {
			isa = XCBuildConfiguration;
			baseConfigurationReference = 4F96B5DA5AD52565E85763F1 /* Pods-Marketkurly_Clone.release.xcconfig */;
			buildSettings = {
				ASSETCATALOG_COMPILER_APPICON_NAME = AppIcon;
				ASSETCATALOG_COMPILER_GLOBAL_ACCENT_COLOR_NAME = AccentColor;
				CODE_SIGN_STYLE = Automatic;
				DEVELOPMENT_TEAM = 5GQ6QL9S3X;
				INFOPLIST_FILE = Marketkurly_Clone/Info.plist;
				LD_RUNPATH_SEARCH_PATHS = (
					"$(inherited)",
					"@executable_path/Frameworks",
				);
				PRODUCT_BUNDLE_IDENTIFIER = "com.ruheekim.Marketkurly-Clone";
				PRODUCT_NAME = "$(TARGET_NAME)";
				SWIFT_VERSION = 5.0;
				TARGETED_DEVICE_FAMILY = "1,2";
			};
			name = Release;
		};
/* End XCBuildConfiguration section */

/* Begin XCConfigurationList section */
		BBC260212654F1DB0012AFA0 /* Build configuration list for PBXProject "Marketkurly_Clone" */ = {
			isa = XCConfigurationList;
			buildConfigurations = (
				BBC260382654F1DF0012AFA0 /* Debug */,
				BBC260392654F1DF0012AFA0 /* Release */,
			);
			defaultConfigurationIsVisible = 0;
			defaultConfigurationName = Release;
		};
		BBC2603A2654F1DF0012AFA0 /* Build configuration list for PBXNativeTarget "Marketkurly_Clone" */ = {
			isa = XCConfigurationList;
			buildConfigurations = (
				BBC2603B2654F1DF0012AFA0 /* Debug */,
				BBC2603C2654F1DF0012AFA0 /* Release */,
			);
			defaultConfigurationIsVisible = 0;
			defaultConfigurationName = Release;
		};
/* End XCConfigurationList section */

/* Begin XCRemoteSwiftPackageReference section */
		5B1191C1267C3AFC0024F007 /* XCRemoteSwiftPackageReference "Alamofire" */ = {
			isa = XCRemoteSwiftPackageReference;
			repositoryURL = "https://github.com/Alamofire/Alamofire.git";
			requirement = {
				kind = upToNextMajorVersion;
				minimumVersion = 5.4.3;
			};
		};
		BBB4739626667F8E00076BB0 /* XCRemoteSwiftPackageReference "DuctTape" */ = {
			isa = XCRemoteSwiftPackageReference;
			repositoryURL = "https://github.com/marty-suzuki/DuctTape.git";
			requirement = {
				kind = upToNextMajorVersion;
				minimumVersion = 0.2.0;
			};
		};
		BBB4739A26667FCC00076BB0 /* XCRemoteSwiftPackageReference "Then" */ = {
			isa = XCRemoteSwiftPackageReference;
			repositoryURL = "https://github.com/devxoul/Then";
			requirement = {
				kind = upToNextMajorVersion;
				minimumVersion = 2.7.0;
			};
		};
/* End XCRemoteSwiftPackageReference section */

/* Begin XCSwiftPackageProductDependency section */
		5B1191C2267C3AFC0024F007 /* Alamofire */ = {
			isa = XCSwiftPackageProductDependency;
			package = 5B1191C1267C3AFC0024F007 /* XCRemoteSwiftPackageReference "Alamofire" */;
			productName = Alamofire;
		};
		BBB4739726667F8E00076BB0 /* DuctTape */ = {
			isa = XCSwiftPackageProductDependency;
			package = BBB4739626667F8E00076BB0 /* XCRemoteSwiftPackageReference "DuctTape" */;
			productName = DuctTape;
		};
		BBB4739B26667FCC00076BB0 /* Then */ = {
			isa = XCSwiftPackageProductDependency;
			package = BBB4739A26667FCC00076BB0 /* XCRemoteSwiftPackageReference "Then" */;
			productName = Then;
		};
/* End XCSwiftPackageProductDependency section */
	};
	rootObject = BBC2601E2654F1DB0012AFA0 /* Project object */;
}
